
Microsoft Visual Studio Solution File, Format Version 12.00
# Visual Studio Version 16
VisualStudioVersion = 16.0.28822.285
MinimumVisualStudioVersion = 10.0.40219.1
Project("{FAE04EC0-301F-11D3-BF4B-00C04F79EFBC}") = "signalRDemo", "signalRDemo\signalRDemo.csproj", "{CB232805-9374-4D4D-8FA4-FF64B8AEA597}"
EndProject
Global
	GlobalSection(SolutionConfigurationPlatforms) = preSolution
		Debug|Any CPU = Debug|Any CPU
		Release|Any CPU = Release|Any CPU
	EndGlobalSection
	GlobalSection(ProjectConfigurationPlatforms) = postSolution
		{CB232805-9374-4D4D-8FA4-FF64B8AEA597}.Debug|Any CPU.ActiveCfg = Debug|Any CPU
		{CB232805-9374-4D4D-8FA4-FF64B8AEA597}.Debug|Any CPU.Build.0 = Debug|Any CPU
		{CB232805-9374-4D4D-8FA4-FF64B8AEA597}.Release|Any CPU.ActiveCfg = Release|Any CPU
		{CB232805-9374-4D4D-8FA4-FF64B8AEA597}.Release|Any CPU.Build.0 = Release|Any CPU
	EndGlobalSection
	GlobalSection(SolutionProperties) = preSolution
		HideSolutionNode = FALSE
	EndGlobalSection
	GlobalSection(ExtensibilityGlobals) = postSolution
		SolutionGuid = {B87A4C98-9E3A-4CF9-BD6E-33FB7F6082B2}
	EndGlobalSection
EndGlobal
